{
  "meteor": {},
  "dependencies": {
    "basePackages": {
      "iron-router": {},
      "moment": {},
      "npm": {},
      "roles": {},
      "connection-banner": {},
      "user-status": {},
      "bootstrap-3": {},
      "xml2js": {},
      "flag-webicons": {},
      "numeral": {},
      "x-editable-bootstrap3-less": {},
      "chatworks": {},
      "GAnalytics": {},
      "nvd3js": {},
      "iron-router-progress": {},
      "reststop2": {}
    },
    "packages": {
      "iron-router": {
        "git": "https://github.com/EventedMind/iron-router.git",
        "tag": "v0.7.1",
        "commit": "d1ffb3f06ea4c112132b030f2eb1a70b81675ecb"
      },
      "moment": {
        "git": "https://github.com/acreeger/meteor-moment.git",
        "tag": "v2.6.0",
        "commit": "26156df681750fd6e6ed77043eef32b6653ebbdf"
      },
      "npm": {
        "git": "https://github.com/arunoda/meteor-npm.git",
        "tag": "v0.2.6",
        "commit": "177ab6118de5bf8cffb19481343d5762ff7a2aaf"
      },
      "roles": {
        "git": "https://github.com/alanning/meteor-roles.git",
        "tag": "v1.2.10",
        "commit": "7ccb35de0a6cb0c9a0c3666badd04757e39c09a6"
      },
      "connection-banner": {
        "git": "https://github.com/nate-strauser/meteor-connection-banner.git",
        "tag": "v0.4.0",
        "commit": "2652cd4ee4d863651c4b5298aebcf2c5710d2971"
      },
      "user-status": {
        "git": "https://github.com/mizzao/meteor-user-status.git",
        "tag": "v0.5.0",
        "commit": "6a096fd9f3a916887c92cb778040ce2f8a9cc554"
      },
      "bootstrap-3": {
        "git": "https://github.com/mangasocial/meteor-bootstrap-3.git",
        "tag": "v3.2.0-1",
        "commit": "17a63902fc6cf1096c5289d963c66cf28b474727"
      },
      "xml2js": {
        "git": "https://github.com/peerlibrary/meteor-xml2js.git",
        "tag": "v0.4.1-1",
        "commit": "18aeb92fbbcdf916c66fb87a8617c4b86f376f91"
      },
      "flag-webicons": {
        "git": "https://github.com/gadicohen/meteor-flag-webicons.git",
        "tag": "v1.0.1",
        "commit": "387185bc00e649ccd652498f9d53b3685673979c"
      },
      "numeral": {
        "git": "https://github.com/vsivsi/meteor-numeral.git",
        "tag": "v1.5.3",
        "commit": "bdc97fc69bee7dadae1fc0f97fa6d9d76a03e73d"
      },
      "x-editable-bootstrap3-less": {
        "git": "https://github.com/chathuraa/meteor-x-editable-bootstrap-less.git",
        "tag": "v1.5.3",
        "commit": "eb5e6823e40747f1c1b4f20451f8d96822f8b969"
      },
      "chatworks": {
        "git": "https://github.com/Pent/chatworks.git",
        "tag": "v1.7.0",
        "commit": "a081d78cd9834bab9a7a1d6868dc7b88effc08cc"
      },
      "GAnalytics": {
        "git": "https://github.com/datariot/meteor-ganalytics.git",
        "tag": "v0.2.0",
        "commit": "2d5e48d5cc4c2f88edd40c0b2341d378bd4a702b"
      },
      "nvd3js": {
        "git": "https://github.com/ouuyeah/nvd3js.git",
        "tag": "v0.1.0",
        "commit": "89a8c66bb3b35d25900d31195ae0b318e4176ddb"
      },
      "iron-router-progress": {
        "git": "https://github.com/Multiply/iron-router-progress.git",
        "tag": "v0.4.1",
        "commit": "496fcda9a6ec352b4733725f60c6f280250c3541"
      },
      "reststop2": {
        "git": "https://github.com/Differential/reststop2.git",
        "tag": "v0.5.9",
        "commit": "f006994d2505a0c68ea46c84ab0e3a9040641a9d"
      },
      "blaze-layout": {
        "git": "https://github.com/EventedMind/blaze-layout.git",
        "tag": "v0.2.4",
        "commit": "b40e9b0612329288d75cf52ad14a7da64bb8618f"
      },
      "timesync": {
        "git": "https://github.com/mizzao/meteor-timesync.git",
        "tag": "v0.2.0",
        "commit": "55f1daf261996dfbd726253688cfe7a2cc169d9b"
      },
      "blocking": {
        "git": "https://github.com/peerlibrary/meteor-blocking.git",
        "tag": "v0.4.0",
        "commit": "e25a0be72e771b317b26d2bb5758c983bdcef23c"
      },
      "modernizr-meteor": {
        "git": "https://github.com/ckir/modernizr-meteor.git",
        "tag": "v2.6.2",
        "commit": "391ca2a3beff3cd2b0e1099cb2d744b5a2e8a73e"
      },
      "bootstrap3-less": {
        "git": "https://github.com/eprochasson/bootstrap3-less",
        "tag": "v0.1.9",
        "commit": "5c812c4d7ce72917a065f0424c3cf54e5ff2d16a"
      }
    }
  }
}
